
Microsoft Visual Studio Solution File, Format Version 12.00
# Visual Studio Version 17
VisualStudioVersion = 17.5.002.0
MinimumVisualStudioVersion = 10.0.40219.1
Project("{9A19103F-16F7-4668-BE54-9A1E7A4F7556}") = "katalog-3d-api", "katalog-3d-api.csproj", "{1395832E-587C-42E1-ACD8-E4E9CB5321D7}"
EndProject
Global
	GlobalSection(SolutionConfigurationPlatforms) = preSolution
		Debug|Any CPU = Debug|Any CPU
		Release|Any CPU = Release|Any CPU
	EndGlobalSection
	GlobalSection(ProjectConfigurationPlatforms) = postSolution
		{1395832E-587C-42E1-ACD8-E4E9CB5321D7}.Debug|Any CPU.ActiveCfg = Debug|Any CPU
		{1395832E-587C-42E1-ACD8-E4E9CB5321D7}.Debug|Any CPU.Build.0 = Debug|Any CPU
		{1395832E-587C-42E1-ACD8-E4E9CB5321D7}.Release|Any CPU.ActiveCfg = Release|Any CPU
		{1395832E-587C-42E1-ACD8-E4E9CB5321D7}.Release|Any CPU.Build.0 = Release|Any CPU
	EndGlobalSection
	GlobalSection(SolutionProperties) = preSolution
		HideSolutionNode = FALSE
	EndGlobalSection
	GlobalSection(ExtensibilityGlobals) = postSolution
		SolutionGuid = {96C5C92E-A4A6-42C2-8351-377A696DA7B0}
	EndGlobalSection
EndGlobal
